// !$*UTF8*$!
{
	archiveVersion = 1;
	classes = {
	};
	objectVersion = 56;
	objects = {

/* Begin PBXBuildFile section */
		150F47852C9D9F3900A6D729 /* AppDelegate.swift in Sources */ = {isa = PBXBuildFile; fileRef = 150F47842C9D9F3900A6D729 /* AppDelegate.swift */; };
		150F47872C9D9F3900A6D729 /* SceneDelegate.swift in Sources */ = {isa = PBXBuildFile; fileRef = 150F47862C9D9F3900A6D729 /* SceneDelegate.swift */; };
		150F478C2C9D9F3900A6D729 /* Main.storyboard in Resources */ = {isa = PBXBuildFile; fileRef = 150F478A2C9D9F3900A6D729 /* Main.storyboard */; };
		150F478E2C9D9F3B00A6D729 /* Assets.xcassets in Resources */ = {isa = PBXBuildFile; fileRef = 150F478D2C9D9F3B00A6D729 /* Assets.xcassets */; };
		150F47912C9D9F3B00A6D729 /* LaunchScreen.storyboard in Resources */ = {isa = PBXBuildFile; fileRef = 150F478F2C9D9F3B00A6D729 /* LaunchScreen.storyboard */; };
		150F479B2C9DA5CE00A6D729 /* LoadViewController.swift in Sources */ = {isa = PBXBuildFile; fileRef = 150F479A2C9DA5CE00A6D729 /* LoadViewController.swift */; };
		150F479E2C9DA5DB00A6D729 /* SnapKit in Frameworks */ = {isa = PBXBuildFile; productRef = 150F479D2C9DA5DB00A6D729 /* SnapKit */; };
		150F47A12C9DA5E900A6D729 /* CombineCocoa in Frameworks */ = {isa = PBXBuildFile; productRef = 150F47A02C9DA5E900A6D729 /* CombineCocoa */; };
		150F47A42C9DAF3800A6D729 /* OnbUserViewController.swift in Sources */ = {isa = PBXBuildFile; fileRef = 150F47A32C9DAF3800A6D729 /* OnbUserViewController.swift */; };
		150F47A72C9DBC9700A6D729 /* TabBarViewController.swift in Sources */ = {isa = PBXBuildFile; fileRef = 150F47A62C9DBC9700A6D729 /* TabBarViewController.swift */; };
		150F47AA2C9DBE5700A6D729 /* ProfileViewController.swift in Sources */ = {isa = PBXBuildFile; fileRef = 150F47A92C9DBE5700A6D729 /* ProfileViewController.swift */; };
		150F47AC2C9DC6FF00A6D729 /* ProfileEditViewController.swift in Sources */ = {isa = PBXBuildFile; fileRef = 150F47AB2C9DC6FF00A6D729 /* ProfileEditViewController.swift */; };
		150F47AE2C9DF59F00A6D729 /* AddAndEditCategoryViewController.swift in Sources */ = {isa = PBXBuildFile; fileRef = 150F47AD2C9DF59F00A6D729 /* AddAndEditCategoryViewController.swift */; };
/* End PBXBuildFile section */

/* Begin PBXFileReference section */
		150F47812C9D9F3900A6D729 /* Avitan.app */ = {isa = PBXFileReference; explicitFileType = wrapper.application; includeInIndex = 0; path = Avitan.app; sourceTree = BUILT_PRODUCTS_DIR; };
		150F47842C9D9F3900A6D729 /* AppDelegate.swift */ = {isa = PBXFileReference; lastKnownFileType = sourcecode.swift; path = AppDelegate.swift; sourceTree = "<group>"; };
		150F47862C9D9F3900A6D729 /* SceneDelegate.swift */ = {isa = PBXFileReference; lastKnownFileType = sourcecode.swift; path = SceneDelegate.swift; sourceTree = "<group>"; };
		150F478B2C9D9F3900A6D729 /* Base */ = {isa = PBXFileReference; lastKnownFileType = file.storyboard; name = Base; path = Base.lproj/Main.storyboard; sourceTree = "<group>"; };
		150F478D2C9D9F3B00A6D729 /* Assets.xcassets */ = {isa = PBXFileReference; lastKnownFileType = folder.assetcatalog; path = Assets.xcassets; sourceTree = "<group>"; };
		150F47902C9D9F3B00A6D729 /* Base */ = {isa = PBXFileReference; lastKnownFileType = file.storyboard; name = Base; path = Base.lproj/LaunchScreen.storyboard; sourceTree = "<group>"; };
		150F47922C9D9F3B00A6D729 /* Info.plist */ = {isa = PBXFileReference; lastKnownFileType = text.plist.xml; path = Info.plist; sourceTree = "<group>"; };
		150F479A2C9DA5CE00A6D729 /* LoadViewController.swift */ = {isa = PBXFileReference; lastKnownFileType = sourcecode.swift; path = LoadViewController.swift; sourceTree = "<group>"; };
		150F47A32C9DAF3800A6D729 /* OnbUserViewController.swift */ = {isa = PBXFileReference; lastKnownFileType = sourcecode.swift; path = OnbUserViewController.swift; sourceTree = "<group>"; };
		150F47A62C9DBC9700A6D729 /* TabBarViewController.swift */ = {isa = PBXFileReference; lastKnownFileType = sourcecode.swift; path = TabBarViewController.swift; sourceTree = "<group>"; };
		150F47A92C9DBE5700A6D729 /* ProfileViewController.swift */ = {isa = PBXFileReference; lastKnownFileType = sourcecode.swift; path = ProfileViewController.swift; sourceTree = "<group>"; };
		150F47AB2C9DC6FF00A6D729 /* ProfileEditViewController.swift */ = {isa = PBXFileReference; lastKnownFileType = sourcecode.swift; path = ProfileEditViewController.swift; sourceTree = "<group>"; };
		150F47AD2C9DF59F00A6D729 /* AddAndEditCategoryViewController.swift */ = {isa = PBXFileReference; lastKnownFileType = sourcecode.swift; path = AddAndEditCategoryViewController.swift; sourceTree = "<group>"; };
/* End PBXFileReference section */

/* Begin PBXFrameworksBuildPhase section */
		150F477E2C9D9F3900A6D729 /* Frameworks */ = {
			isa = PBXFrameworksBuildPhase;
			buildActionMask = 2147483647;
			files = (
				150F47A12C9DA5E900A6D729 /* CombineCocoa in Frameworks */,
				150F479E2C9DA5DB00A6D729 /* SnapKit in Frameworks */,
			);
			runOnlyForDeploymentPostprocessing = 0;
		};
/* End PBXFrameworksBuildPhase section */

/* Begin PBXGroup section */
		150F47782C9D9F3900A6D729 = {
			isa = PBXGroup;
			children = (
				150F47A82C9DBE4200A6D729 /* Profile */,
				150F47A52C9DBC8000A6D729 /* Tapbar */,
				150F47A22C9DAEDB00A6D729 /* OnbUser */,
				150F47992C9DA5C100A6D729 /* LoadPage */,
				150F47832C9D9F3900A6D729 /* Avitan */,
				150F47822C9D9F3900A6D729 /* Products */,
			);
			sourceTree = "<group>";
		};
		150F47822C9D9F3900A6D729 /* Products */ = {
			isa = PBXGroup;
			children = (
				150F47812C9D9F3900A6D729 /* Avitan.app */,
			);
			name = Products;
			sourceTree = "<group>";
		};
		150F47832C9D9F3900A6D729 /* Avitan */ = {
			isa = PBXGroup;
			children = (
				150F47982C9DA59C00A6D729 /* Support */,
				150F47922C9D9F3B00A6D729 /* Info.plist */,
			);
			path = Avitan;
			sourceTree = "<group>";
		};
		150F47982C9DA59C00A6D729 /* Support */ = {
			isa = PBXGroup;
			children = (
				150F47862C9D9F3900A6D729 /* SceneDelegate.swift */,
				150F478D2C9D9F3B00A6D729 /* Assets.xcassets */,
				150F478F2C9D9F3B00A6D729 /* LaunchScreen.storyboard */,
				150F478A2C9D9F3900A6D729 /* Main.storyboard */,
				150F47842C9D9F3900A6D729 /* AppDelegate.swift */,
			);
			path = Support;
			sourceTree = "<group>";
		};
		150F47992C9DA5C100A6D729 /* LoadPage */ = {
			isa = PBXGroup;
			children = (
				150F479A2C9DA5CE00A6D729 /* LoadViewController.swift */,
			);
			path = LoadPage;
			sourceTree = "<group>";
		};
		150F47A22C9DAEDB00A6D729 /* OnbUser */ = {
			isa = PBXGroup;
			children = (
				150F47A32C9DAF3800A6D729 /* OnbUserViewController.swift */,
			);
			path = OnbUser;
			sourceTree = "<group>";
		};
		150F47A52C9DBC8000A6D729 /* Tapbar */ = {
			isa = PBXGroup;
			children = (
				150F47A62C9DBC9700A6D729 /* TabBarViewController.swift */,
			);
			path = Tapbar;
			sourceTree = "<group>";
		};
		150F47A82C9DBE4200A6D729 /* Profile */ = {
			isa = PBXGroup;
			children = (
				150F47A92C9DBE5700A6D729 /* ProfileViewController.swift */,
				150F47AB2C9DC6FF00A6D729 /* ProfileEditViewController.swift */,
				150F47AD2C9DF59F00A6D729 /* AddAndEditCategoryViewController.swift */,
			);
			path = Profile;
			sourceTree = "<group>";
		};
/* End PBXGroup section */

/* Begin PBXNativeTarget section */
		150F47802C9D9F3900A6D729 /* Avitan */ = {
			isa = PBXNativeTarget;
			buildConfigurationList = 150F47952C9D9F3B00A6D729 /* Build configuration list for PBXNativeTarget "Avitan" */;
			buildPhases = (
				150F477D2C9D9F3900A6D729 /* Sources */,
				150F477E2C9D9F3900A6D729 /* Frameworks */,
				150F477F2C9D9F3900A6D729 /* Resources */,
			);
			buildRules = (
			);
			dependencies = (
			);
			name = Avitan;
			packageProductDependencies = (
				150F479D2C9DA5DB00A6D729 /* SnapKit */,
				150F47A02C9DA5E900A6D729 /* CombineCocoa */,
			);
			productName = Avitan;
			productReference = 150F47812C9D9F3900A6D729 /* Avitan.app */;
			productType = "com.apple.product-type.application";
		};
/* End PBXNativeTarget section */

/* Begin PBXProject section */
		150F47792C9D9F3900A6D729 /* Project object */ = {
			isa = PBXProject;
			attributes = {
				BuildIndependentTargetsInParallel = 1;
				LastSwiftUpdateCheck = 1520;
				LastUpgradeCheck = 1520;
				TargetAttributes = {
					150F47802C9D9F3900A6D729 = {
						CreatedOnToolsVersion = 15.2;
					};
				};
			};
			buildConfigurationList = 150F477C2C9D9F3900A6D729 /* Build configuration list for PBXProject "Avitan" */;
			compatibilityVersion = "Xcode 14.0";
			developmentRegion = en;
			hasScannedForEncodings = 0;
			knownRegions = (
				en,
				Base,
			);
			mainGroup = 150F47782C9D9F3900A6D729;
			packageReferences = (
				150F479C2C9DA5DB00A6D729 /* XCRemoteSwiftPackageReference "SnapKit" */,
				150F479F2C9DA5E900A6D729 /* XCRemoteSwiftPackageReference "CombineCocoa" */,
			);
			productRefGroup = 150F47822C9D9F3900A6D729 /* Products */;
			projectDirPath = "";
			projectRoot = "";
			targets = (
				150F47802C9D9F3900A6D729 /* Avitan */,
			);
		};
/* End PBXProject section */

/* Begin PBXResourcesBuildPhase section */
		150F477F2C9D9F3900A6D729 /* Resources */ = {
			isa = PBXResourcesBuildPhase;
			buildActionMask = 2147483647;
			files = (
				150F47912C9D9F3B00A6D729 /* LaunchScreen.storyboard in Resources */,
				150F478E2C9D9F3B00A6D729 /* Assets.xcassets in Resources */,
				150F478C2C9D9F3900A6D729 /* Main.storyboard in Resources */,
			);
			runOnlyForDeploymentPostprocessing = 0;
		};
/* End PBXResourcesBuildPhase section */

/* Begin PBXSourcesBuildPhase section */
		150F477D2C9D9F3900A6D729 /* Sources */ = {
			isa = PBXSourcesBuildPhase;
			buildActionMask = 2147483647;
			files = (
				150F47AE2C9DF59F00A6D729 /* AddAndEditCategoryViewController.swift in Sources */,
				150F47AA2C9DBE5700A6D729 /* ProfileViewController.swift in Sources */,
				150F47AC2C9DC6FF00A6D729 /* ProfileEditViewController.swift in Sources */,
				150F479B2C9DA5CE00A6D729 /* LoadViewController.swift in Sources */,
				150F47852C9D9F3900A6D729 /* AppDelegate.swift in Sources */,
				150F47872C9D9F3900A6D729 /* SceneDelegate.swift in Sources */,
				150F47A72C9DBC9700A6D729 /* TabBarViewController.swift in Sources */,
				150F47A42C9DAF3800A6D729 /* OnbUserViewController.swift in Sources */,
			);
			runOnlyForDeploymentPostprocessing = 0;
		};
/* End PBXSourcesBuildPhase section */

/* Begin PBXVariantGroup section */
		150F478A2C9D9F3900A6D729 /* Main.storyboard */ = {
			isa = PBXVariantGroup;
			children = (
				150F478B2C9D9F3900A6D729 /* Base */,
			);
			name = Main.storyboard;
			sourceTree = "<group>";
		};
		150F478F2C9D9F3B00A6D729 /* LaunchScreen.storyboard */ = {
			isa = PBXVariantGroup;
			children = (
				150F47902C9D9F3B00A6D729 /* Base */,
			);
			name = LaunchScreen.storyboard;
			sourceTree = "<group>";
		};
/* End PBXVariantGroup section */

/* Begin XCBuildConfiguration section */
		150F47932C9D9F3B00A6D729 /* Debug */ = {
			isa = XCBuildConfiguration;
			buildSettings = {
				ALWAYS_SEARCH_USER_PATHS = NO;
				ASSETCATALOG_COMPILER_GENERATE_SWIFT_ASSET_SYMBOL_EXTENSIONS = YES;
				CLANG_ANALYZER_NONNULL = YES;
				CLANG_ANALYZER_NUMBER_OBJECT_CONVERSION = YES_AGGRESSIVE;
				CLANG_CXX_LANGUAGE_STANDARD = "gnu++20";
				CLANG_ENABLE_MODULES = YES;
				CLANG_ENABLE_OBJC_ARC = YES;
				CLANG_ENABLE_OBJC_WEAK = YES;
				CLANG_WARN_BLOCK_CAPTURE_AUTORELEASING = YES;
				CLANG_WARN_BOOL_CONVERSION = YES;
				CLANG_WARN_COMMA = YES;
				CLANG_WARN_CONSTANT_CONVERSION = YES;
				CLANG_WARN_DEPRECATED_OBJC_IMPLEMENTATIONS = YES;
				CLANG_WARN_DIRECT_OBJC_ISA_USAGE = YES_ERROR;
				CLANG_WARN_DOCUMENTATION_COMMENTS = YES;
				CLANG_WARN_EMPTY_BODY = YES;
				CLANG_WARN_ENUM_CONVERSION = YES;
				CLANG_WARN_INFINITE_RECURSION = YES;
				CLANG_WARN_INT_CONVERSION = YES;
				CLANG_WARN_NON_LITERAL_NULL_CONVERSION = YES;
				CLANG_WARN_OBJC_IMPLICIT_RETAIN_SELF = YES;
				CLANG_WARN_OBJC_LITERAL_CONVERSION = YES;
				CLANG_WARN_OBJC_ROOT_CLASS = YES_ERROR;
				CLANG_WARN_QUOTED_INCLUDE_IN_FRAMEWORK_HEADER = YES;
				CLANG_WARN_RANGE_LOOP_ANALYSIS = YES;
				CLANG_WARN_STRICT_PROTOTYPES = YES;
				CLANG_WARN_SUSPICIOUS_MOVE = YES;
				CLANG_WARN_UNGUARDED_AVAILABILITY = YES_AGGRESSIVE;
				CLANG_WARN_UNREACHABLE_CODE = YES;
				CLANG_WARN__DUPLICATE_METHOD_MATCH = YES;
				COPY_PHASE_STRIP = NO;
				DEBUG_INFORMATION_FORMAT = dwarf;
				ENABLE_STRICT_OBJC_MSGSEND = YES;
				ENABLE_TESTABILITY = YES;
				ENABLE_USER_SCRIPT_SANDBOXING = YES;
				GCC_C_LANGUAGE_STANDARD = gnu17;
				GCC_DYNAMIC_NO_PIC = NO;
				GCC_NO_COMMON_BLOCKS = YES;
				GCC_OPTIMIZATION_LEVEL = 0;
				GCC_PREPROCESSOR_DEFINITIONS = (
					"DEBUG=1",
					"$(inherited)",
				);
				GCC_WARN_64_TO_32_BIT_CONVERSION = YES;
				GCC_WARN_ABOUT_RETURN_TYPE = YES_ERROR;
				GCC_WARN_UNDECLARED_SELECTOR = YES;
				GCC_WARN_UNINITIALIZED_AUTOS = YES_AGGRESSIVE;
				GCC_WARN_UNUSED_FUNCTION = YES;
				GCC_WARN_UNUSED_VARIABLE = YES;
				IPHONEOS_DEPLOYMENT_TARGET = 17.2;
				LOCALIZATION_PREFERS_STRING_CATALOGS = YES;
				MTL_ENABLE_DEBUG_INFO = INCLUDE_SOURCE;
				MTL_FAST_MATH = YES;
				ONLY_ACTIVE_ARCH = YES;
				SDKROOT = iphoneos;
				SWIFT_ACTIVE_COMPILATION_CONDITIONS = "DEBUG $(inherited)";
				SWIFT_OPTIMIZATION_LEVEL = "-Onone";
			};
			name = Debug;
		};
		150F47942C9D9F3B00A6D729 /* Release */ = {
			isa = XCBuildConfiguration;
			buildSettings = {
				ALWAYS_SEARCH_USER_PATHS = NO;
				ASSETCATALOG_COMPILER_GENERATE_SWIFT_ASSET_SYMBOL_EXTENSIONS = YES;
				CLANG_ANALYZER_NONNULL = YES;
				CLANG_ANALYZER_NUMBER_OBJECT_CONVERSION = YES_AGGRESSIVE;
				CLANG_CXX_LANGUAGE_STANDARD = "gnu++20";
				CLANG_ENABLE_MODULES = YES;
				CLANG_ENABLE_OBJC_ARC = YES;
				CLANG_ENABLE_OBJC_WEAK = YES;
				CLANG_WARN_BLOCK_CAPTURE_AUTORELEASING = YES;
				CLANG_WARN_BOOL_CONVERSION = YES;
				CLANG_WARN_COMMA = YES;
				CLANG_WARN_CONSTANT_CONVERSION = YES;
				CLANG_WARN_DEPRECATED_OBJC_IMPLEMENTATIONS = YES;
				CLANG_WARN_DIRECT_OBJC_ISA_USAGE = YES_ERROR;
				CLANG_WARN_DOCUMENTATION_COMMENTS = YES;
				CLANG_WARN_EMPTY_BODY = YES;
				CLANG_WARN_ENUM_CONVERSION = YES;
				CLANG_WARN_INFINITE_RECURSION = YES;
				CLANG_WARN_INT_CONVERSION = YES;
				CLANG_WARN_NON_LITERAL_NULL_CONVERSION = YES;
				CLANG_WARN_OBJC_IMPLICIT_RETAIN_SELF = YES;
				CLANG_WARN_OBJC_LITERAL_CONVERSION = YES;
				CLANG_WARN_OBJC_ROOT_CLASS = YES_ERROR;
				CLANG_WARN_QUOTED_INCLUDE_IN_FRAMEWORK_HEADER = YES;
				CLANG_WARN_RANGE_LOOP_ANALYSIS = YES;
				CLANG_WARN_STRICT_PROTOTYPES = YES;
				CLANG_WARN_SUSPICIOUS_MOVE = YES;
				CLANG_WARN_UNGUARDED_AVAILABILITY = YES_AGGRESSIVE;
				CLANG_WARN_UNREACHABLE_CODE = YES;
				CLANG_WARN__DUPLICATE_METHOD_MATCH = YES;
				COPY_PHASE_STRIP = NO;
				DEBUG_INFORMATION_FORMAT = "dwarf-with-dsym";
				ENABLE_NS_ASSERTIONS = NO;
				ENABLE_STRICT_OBJC_MSGSEND = YES;
				ENABLE_USER_SCRIPT_SANDBOXING = YES;
				GCC_C_LANGUAGE_STANDARD = gnu17;
				GCC_NO_COMMON_BLOCKS = YES;
				GCC_WARN_64_TO_32_BIT_CONVERSION = YES;
				GCC_WARN_ABOUT_RETURN_TYPE = YES_ERROR;
				GCC_WARN_UNDECLARED_SELECTOR = YES;
				GCC_WARN_UNINITIALIZED_AUTOS = YES_AGGRESSIVE;
				GCC_WARN_UNUSED_FUNCTION = YES;
				GCC_WARN_UNUSED_VARIABLE = YES;
				IPHONEOS_DEPLOYMENT_TARGET = 17.2;
				LOCALIZATION_PREFERS_STRING_CATALOGS = YES;
				MTL_ENABLE_DEBUG_INFO = NO;
				MTL_FAST_MATH = YES;
				SDKROOT = iphoneos;
				SWIFT_COMPILATION_MODE = wholemodule;
				VALIDATE_PRODUCT = YES;
			};
			name = Release;
		};
		150F47962C9D9F3B00A6D729 /* Debug */ = {
			isa = XCBuildConfiguration;
			buildSettings = {
				ASSETCATALOG_COMPILER_APPICON_NAME = AppIcon;
				ASSETCATALOG_COMPILER_GLOBAL_ACCENT_COLOR_NAME = AccentColor;
				CODE_SIGN_STYLE = Automatic;
				CURRENT_PROJECT_VERSION = 1;
				GENERATE_INFOPLIST_FILE = YES;
				INFOPLIST_FILE = Avitan/Info.plist;
				INFOPLIST_KEY_CFBundleDisplayName = Avitan;
				INFOPLIST_KEY_UIApplicationSupportsIndirectInputEvents = YES;
				INFOPLIST_KEY_UILaunchStoryboardName = LaunchScreen;
				INFOPLIST_KEY_UISupportedInterfaceOrientations_iPad = "UIInterfaceOrientationPortrait UIInterfaceOrientationPortraitUpsideDown UIInterfaceOrientationLandscapeLeft UIInterfaceOrientationLandscapeRight";
				INFOPLIST_KEY_UISupportedInterfaceOrientations_iPhone = "UIInterfaceOrientationPortrait UIInterfaceOrientationLandscapeLeft UIInterfaceOrientationLandscapeRight";
				IPHONEOS_DEPLOYMENT_TARGET = 13.0;
				LD_RUNPATH_SEARCH_PATHS = (
					"$(inherited)",
					"@executable_path/Frameworks",
				);
				MARKETING_VERSION = 1.0;
				PRODUCT_BUNDLE_IDENTIFIER = k.Avitan;
				PRODUCT_NAME = "$(TARGET_NAME)";
				SUPPORTED_PLATFORMS = "iphoneos iphonesimulator";
				SUPPORTS_MACCATALYST = NO;
				SUPPORTS_XR_DESIGNED_FOR_IPHONE_IPAD = NO;
				SWIFT_EMIT_LOC_STRINGS = YES;
				SWIFT_VERSION = 5.0;
				TARGETED_DEVICE_FAMILY = "1,2";
			};
			name = Debug;
		};
		150F47972C9D9F3B00A6D729 /* Release */ = {
			isa = XCBuildConfiguration;
			buildSettings = {
				ASSETCATALOG_COMPILER_APPICON_NAME = AppIcon;
				ASSETCATALOG_COMPILER_GLOBAL_ACCENT_COLOR_NAME = AccentColor;
				CODE_SIGN_STYLE = Automatic;
				CURRENT_PROJECT_VERSION = 1;
				GENERATE_INFOPLIST_FILE = YES;
				INFOPLIST_FILE = Avitan/Info.plist;
				INFOPLIST_KEY_CFBundleDisplayName = Avitan;
				INFOPLIST_KEY_UIApplicationSupportsIndirectInputEvents = YES;
				INFOPLIST_KEY_UILaunchStoryboardName = LaunchScreen;
				INFOPLIST_KEY_UISupportedInterfaceOrientations_iPad = "UIInterfaceOrientationPortrait UIInterfaceOrientationPortraitUpsideDown UIInterfaceOrientationLandscapeLeft UIInterfaceOrientationLandscapeRight";
				INFOPLIST_KEY_UISupportedInterfaceOrientations_iPhone = "UIInterfaceOrientationPortrait UIInterfaceOrientationLandscapeLeft UIInterfaceOrientationLandscapeRight";
				IPHONEOS_DEPLOYMENT_TARGET = 13.0;
				LD_RUNPATH_SEARCH_PATHS = (
					"$(inherited)",
					"@executable_path/Frameworks",
				);
				MARKETING_VERSION = 1.0;
				PRODUCT_BUNDLE_IDENTIFIER = k.Avitan;
				PRODUCT_NAME = "$(TARGET_NAME)";
				SUPPORTED_PLATFORMS = "iphoneos iphonesimulator";
				SUPPORTS_MACCATALYST = NO;
				SUPPORTS_XR_DESIGNED_FOR_IPHONE_IPAD = NO;
				SWIFT_EMIT_LOC_STRINGS = YES;
				SWIFT_VERSION = 5.0;
				TARGETED_DEVICE_FAMILY = "1,2";
			};
			name = Release;
		};
/* End XCBuildConfiguration section */

/* Begin XCConfigurationList section */
		150F477C2C9D9F3900A6D729 /* Build configuration list for PBXProject "Avitan" */ = {
			isa = XCConfigurationList;
			buildConfigurations = (
				150F47932C9D9F3B00A6D729 /* Debug */,
				150F47942C9D9F3B00A6D729 /* Release */,
			);
			defaultConfigurationIsVisible = 0;
			defaultConfigurationName = Release;
		};
		150F47952C9D9F3B00A6D729 /* Build configuration list for PBXNativeTarget "Avitan" */ = {
			isa = XCConfigurationList;
			buildConfigurations = (
				150F47962C9D9F3B00A6D729 /* Debug */,
				150F47972C9D9F3B00A6D729 /* Release */,
			);
			defaultConfigurationIsVisible = 0;
			defaultConfigurationName = Release;
		};
/* End XCConfigurationList section */

/* Begin XCRemoteSwiftPackageReference section */
		150F479C2C9DA5DB00A6D729 /* XCRemoteSwiftPackageReference "SnapKit" */ = {
			isa = XCRemoteSwiftPackageReference;
			repositoryURL = "https://github.com/SnapKit/SnapKit";
			requirement = {
				kind = upToNextMajorVersion;
				minimumVersion = 5.7.1;
			};
		};
		150F479F2C9DA5E900A6D729 /* XCRemoteSwiftPackageReference "CombineCocoa" */ = {
			isa = XCRemoteSwiftPackageReference;
			repositoryURL = "https://github.com/CombineCommunity/CombineCocoa";
			requirement = {
				kind = upToNextMajorVersion;
				minimumVersion = 0.4.1;
			};
		};
/* End XCRemoteSwiftPackageReference section */

/* Begin XCSwiftPackageProductDependency section */
		150F479D2C9DA5DB00A6D729 /* SnapKit */ = {
			isa = XCSwiftPackageProductDependency;
			package = 150F479C2C9DA5DB00A6D729 /* XCRemoteSwiftPackageReference "SnapKit" */;
			productName = SnapKit;
		};
		150F47A02C9DA5E900A6D729 /* CombineCocoa */ = {
			isa = XCSwiftPackageProductDependency;
			package = 150F479F2C9DA5E900A6D729 /* XCRemoteSwiftPackageReference "CombineCocoa" */;
			productName = CombineCocoa;
		};
/* End XCSwiftPackageProductDependency section */
	};
	rootObject = 150F47792C9D9F3900A6D729 /* Project object */;
}
